
Microsoft Visual Studio Solution File, Format Version 12.00
# Visual Studio Version 16
VisualStudioVersion = 16.0.29905.134
MinimumVisualStudioVersion = 10.0.40219.1
Project("{FAE04EC0-301F-11D3-BF4B-00C04F79EFBC}") = "Callcenter", "Callcenter\Callcenter.csproj", "{55BBA99F-3146-41C0-8434-A6661B108B66}"
EndProject
Global
	GlobalSection(SolutionConfigurationPlatforms) = preSolution
		Debug|Any CPU = Debug|Any CPU
		Release|Any CPU = Release|Any CPU
	EndGlobalSection
	GlobalSection(ProjectConfigurationPlatforms) = postSolution
		{55BBA99F-3146-41C0-8434-A6661B108B66}.Debug|Any CPU.ActiveCfg = Debug|Any CPU
		{55BBA99F-3146-41C0-8434-A6661B108B66}.Debug|Any CPU.Build.0 = Debug|Any CPU
		{55BBA99F-3146-41C0-8434-A6661B108B66}.Release|Any CPU.ActiveCfg = Release|Any CPU
		{55BBA99F-3146-41C0-8434-A6661B108B66}.Release|Any CPU.Build.0 = Release|Any CPU
	EndGlobalSection
	GlobalSection(SolutionProperties) = preSolution
		HideSolutionNode = FALSE
	EndGlobalSection
	GlobalSection(ExtensibilityGlobals) = postSolution
		SolutionGuid = {F638C551-B5EB-4C61-B905-8F65DE07679E}
	EndGlobalSection
EndGlobal
